
Microsoft Visual Studio Solution File, Format Version 12.00
# Visual Studio Version 16
VisualStudioVersion = 16.0.29728.190
MinimumVisualStudioVersion = 10.0.40219.1
Project("{FAE04EC0-301F-11D3-BF4B-00C04F79EFBC}") = "FatigueService", "FatigueService\FatigueService.csproj", "{D271BE07-4FAD-4BDD-9E28-268686836C24}"
EndProject
Project("{FAE04EC0-301F-11D3-BF4B-00C04F79EFBC}") = "FatigueService.Domain", "FatigueService.Domain\FatigueService.Domain.csproj", "{D1B6F077-E8DB-4FD0-991F-D863905B9D8F}"
EndProject
Project("{FAE04EC0-301F-11D3-BF4B-00C04F79EFBC}") = "FatigueService.DataAccess", "FatigueService.DataAccess\FatigueService.DataAccess.csproj", "{3252EFD4-CD6B-44B7-B52E-2840C81DEA3E}"
EndProject
Project("{00D1A9C2-B5F0-4AF3-8072-F6C62B433612}") = "FatigueService.DataPersistance", "FatigueService.DataPersistance\FatigueService.DataPersistance.sqlproj", "{13B3F959-96FE-4D66-8B47-E6CB82902E64}"
EndProject
Global
	GlobalSection(SolutionConfigurationPlatforms) = preSolution
		Debug|Any CPU = Debug|Any CPU
		Release|Any CPU = Release|Any CPU
	EndGlobalSection
	GlobalSection(ProjectConfigurationPlatforms) = postSolution
		{D271BE07-4FAD-4BDD-9E28-268686836C24}.Debug|Any CPU.ActiveCfg = Debug|Any CPU
		{D271BE07-4FAD-4BDD-9E28-268686836C24}.Debug|Any CPU.Build.0 = Debug|Any CPU
		{D271BE07-4FAD-4BDD-9E28-268686836C24}.Release|Any CPU.ActiveCfg = Release|Any CPU
		{D271BE07-4FAD-4BDD-9E28-268686836C24}.Release|Any CPU.Build.0 = Release|Any CPU
		{D1B6F077-E8DB-4FD0-991F-D863905B9D8F}.Debug|Any CPU.ActiveCfg = Debug|Any CPU
		{D1B6F077-E8DB-4FD0-991F-D863905B9D8F}.Debug|Any CPU.Build.0 = Debug|Any CPU
		{D1B6F077-E8DB-4FD0-991F-D863905B9D8F}.Release|Any CPU.ActiveCfg = Release|Any CPU
		{D1B6F077-E8DB-4FD0-991F-D863905B9D8F}.Release|Any CPU.Build.0 = Release|Any CPU
		{3252EFD4-CD6B-44B7-B52E-2840C81DEA3E}.Debug|Any CPU.ActiveCfg = Debug|Any CPU
		{3252EFD4-CD6B-44B7-B52E-2840C81DEA3E}.Debug|Any CPU.Build.0 = Debug|Any CPU
		{3252EFD4-CD6B-44B7-B52E-2840C81DEA3E}.Release|Any CPU.ActiveCfg = Release|Any CPU
		{3252EFD4-CD6B-44B7-B52E-2840C81DEA3E}.Release|Any CPU.Build.0 = Release|Any CPU
		{13B3F959-96FE-4D66-8B47-E6CB82902E64}.Debug|Any CPU.ActiveCfg = Debug|Any CPU
		{13B3F959-96FE-4D66-8B47-E6CB82902E64}.Debug|Any CPU.Build.0 = Debug|Any CPU
		{13B3F959-96FE-4D66-8B47-E6CB82902E64}.Debug|Any CPU.Deploy.0 = Debug|Any CPU
		{13B3F959-96FE-4D66-8B47-E6CB82902E64}.Release|Any CPU.ActiveCfg = Release|Any CPU
		{13B3F959-96FE-4D66-8B47-E6CB82902E64}.Release|Any CPU.Build.0 = Release|Any CPU
		{13B3F959-96FE-4D66-8B47-E6CB82902E64}.Release|Any CPU.Deploy.0 = Release|Any CPU
	EndGlobalSection
	GlobalSection(SolutionProperties) = preSolution
		HideSolutionNode = FALSE
	EndGlobalSection
	GlobalSection(ExtensibilityGlobals) = postSolution
		SolutionGuid = {1B08B3A0-FD80-426A-A345-804AB1227F76}
	EndGlobalSection
EndGlobal
